
Microsoft Visual Studio Solution File, Format Version 12.00
# Visual Studio Version 17
VisualStudioVersion = 17.13.35919.96
MinimumVisualStudioVersion = 10.0.40219.1
Project("{2150E333-8FDC-42A3-9474-1A3956D46DE8}") = "src", "src", "{02EA681E-C7D8-13C7-8484-4AC65E1B71E8}"
EndProject
Project("{2150E333-8FDC-42A3-9474-1A3956D46DE8}") = "tests", "tests", "{D36B28DE-8803-44B2-8DB0-A6B5C0F28CFB}"
EndProject
Project("{FAE04EC0-301F-11D3-BF4B-00C04F79EFBC}") = "BudgetMate.Api", "src\BudgetMate.Api\BudgetMate.Api.csproj", "{4E49CF14-7E08-7900-BCFF-10F523722239}"
EndProject
Project("{FAE04EC0-301F-11D3-BF4B-00C04F79EFBC}") = "BudgetMate.App", "src\BudgetMate.App\BudgetMate.App.csproj", "{85A9E734-2020-4BAC-5058-ABABF1819975}"
EndProject
Project("{FAE04EC0-301F-11D3-BF4B-00C04F79EFBC}") = "BudgetMate.Domain", "src\BudgetMate.Domain\BudgetMate.Domain.csproj", "{7C647B77-5AC6-0FCD-491C-40130E3950C8}"
EndProject
Global
	GlobalSection(SolutionConfigurationPlatforms) = preSolution
		Debug|Any CPU = Debug|Any CPU
		Release|Any CPU = Release|Any CPU
	EndGlobalSection
	GlobalSection(ProjectConfigurationPlatforms) = postSolution
		{4E49CF14-7E08-7900-BCFF-10F523722239}.Debug|Any CPU.ActiveCfg = Debug|Any CPU
		{4E49CF14-7E08-7900-BCFF-10F523722239}.Debug|Any CPU.Build.0 = Debug|Any CPU
		{4E49CF14-7E08-7900-BCFF-10F523722239}.Release|Any CPU.ActiveCfg = Release|Any CPU
		{4E49CF14-7E08-7900-BCFF-10F523722239}.Release|Any CPU.Build.0 = Release|Any CPU
		{85A9E734-2020-4BAC-5058-ABABF1819975}.Debug|Any CPU.ActiveCfg = Debug|Any CPU
		{85A9E734-2020-4BAC-5058-ABABF1819975}.Debug|Any CPU.Build.0 = Debug|Any CPU
		{85A9E734-2020-4BAC-5058-ABABF1819975}.Debug|Any CPU.Deploy.0 = Debug|Any CPU
		{85A9E734-2020-4BAC-5058-ABABF1819975}.Release|Any CPU.ActiveCfg = Release|Any CPU
		{85A9E734-2020-4BAC-5058-ABABF1819975}.Release|Any CPU.Build.0 = Release|Any CPU
		{85A9E734-2020-4BAC-5058-ABABF1819975}.Release|Any CPU.Deploy.0 = Release|Any CPU
		{7C647B77-5AC6-0FCD-491C-40130E3950C8}.Debug|Any CPU.ActiveCfg = Debug|Any CPU
		{7C647B77-5AC6-0FCD-491C-40130E3950C8}.Debug|Any CPU.Build.0 = Debug|Any CPU
		{7C647B77-5AC6-0FCD-491C-40130E3950C8}.Release|Any CPU.ActiveCfg = Release|Any CPU
		{7C647B77-5AC6-0FCD-491C-40130E3950C8}.Release|Any CPU.Build.0 = Release|Any CPU
	EndGlobalSection
	GlobalSection(SolutionProperties) = preSolution
		HideSolutionNode = FALSE
	EndGlobalSection
	GlobalSection(NestedProjects) = preSolution
		{4E49CF14-7E08-7900-BCFF-10F523722239} = {02EA681E-C7D8-13C7-8484-4AC65E1B71E8}
		{85A9E734-2020-4BAC-5058-ABABF1819975} = {02EA681E-C7D8-13C7-8484-4AC65E1B71E8}
		{7C647B77-5AC6-0FCD-491C-40130E3950C8} = {02EA681E-C7D8-13C7-8484-4AC65E1B71E8}
	EndGlobalSection
	GlobalSection(ExtensibilityGlobals) = postSolution
		SolutionGuid = {D4D391D4-8723-48B0-957F-39576EA0BAFE}
	EndGlobalSection
EndGlobal
